// !$*UTF8*$!
{
	archiveVersion = 1;
	classes = {
	};
	objectVersion = 46;
	objects = {

/* Begin PBXBuildFile section */
		EC19B5231FE1EB7D00296682 /* TableViewCell.swift in Sources */ = {isa = PBXBuildFile; fileRef = EC19B5221FE1EB7D00296682 /* TableViewCell.swift */; };
		EC19B5251FE1F03400296682 /* EditViewController.swift in Sources */ = {isa = PBXBuildFile; fileRef = EC19B5241FE1F03400296682 /* EditViewController.swift */; };
		EC6743091FE473260099A469 /* CalendarViewController.swift in Sources */ = {isa = PBXBuildFile; fileRef = EC6743081FE473260099A469 /* CalendarViewController.swift */; };
		EE2770781FCF6A6B000BACC7 /* AppDelegate.swift in Sources */ = {isa = PBXBuildFile; fileRef = EE2770771FCF6A6B000BACC7 /* AppDelegate.swift */; };
		EE27707A1FCF6A6B000BACC7 /* AddViewController.swift in Sources */ = {isa = PBXBuildFile; fileRef = EE2770791FCF6A6B000BACC7 /* AddViewController.swift */; };
		EE27707D1FCF6A6B000BACC7 /* Main.storyboard in Resources */ = {isa = PBXBuildFile; fileRef = EE27707B1FCF6A6B000BACC7 /* Main.storyboard */; };
		EE2770801FCF6A6B000BACC7 /* TaskManagment.xcdatamodeld in Sources */ = {isa = PBXBuildFile; fileRef = EE27707E1FCF6A6B000BACC7 /* TaskManagment.xcdatamodeld */; };
		EE2770821FCF6A6B000BACC7 /* Assets.xcassets in Resources */ = {isa = PBXBuildFile; fileRef = EE2770811FCF6A6B000BACC7 /* Assets.xcassets */; };
		EE2770851FCF6A6B000BACC7 /* LaunchScreen.storyboard in Resources */ = {isa = PBXBuildFile; fileRef = EE2770831FCF6A6B000BACC7 /* LaunchScreen.storyboard */; };
		EE2770901FCF6A6B000BACC7 /* TaskManagmentTests.swift in Sources */ = {isa = PBXBuildFile; fileRef = EE27708F1FCF6A6B000BACC7 /* TaskManagmentTests.swift */; };
		EE27709B1FCF6A6B000BACC7 /* TaskManagmentUITests.swift in Sources */ = {isa = PBXBuildFile; fileRef = EE27709A1FCF6A6B000BACC7 /* TaskManagmentUITests.swift */; };
		EE2770A91FCF72E0000BACC7 /* TableViewController.swift in Sources */ = {isa = PBXBuildFile; fileRef = EE2770A81FCF72E0000BACC7 /* TableViewController.swift */; };
		EEDA56871FE1B0D10086AD5D /* aboutPage.swift in Sources */ = {isa = PBXBuildFile; fileRef = EEDA56861FE1B0D10086AD5D /* aboutPage.swift */; };
/* End PBXBuildFile section */

/* Begin PBXContainerItemProxy section */
		EE27708C1FCF6A6B000BACC7 /* PBXContainerItemProxy */ = {
			isa = PBXContainerItemProxy;
			containerPortal = EE27706C1FCF6A6B000BACC7 /* Project object */;
			proxyType = 1;
			remoteGlobalIDString = EE2770731FCF6A6B000BACC7;
			remoteInfo = TaskManagment;
		};
		EE2770971FCF6A6B000BACC7 /* PBXContainerItemProxy */ = {
			isa = PBXContainerItemProxy;
			containerPortal = EE27706C1FCF6A6B000BACC7 /* Project object */;
			proxyType = 1;
			remoteGlobalIDString = EE2770731FCF6A6B000BACC7;
			remoteInfo = TaskManagment;
		};
/* End PBXContainerItemProxy section */

/* Begin PBXFileReference section */
		EC19B5221FE1EB7D00296682 /* TableViewCell.swift */ = {isa = PBXFileReference; fileEncoding = 4; lastKnownFileType = sourcecode.swift; path = TableViewCell.swift; sourceTree = "<group>"; };
		EC19B5241FE1F03400296682 /* EditViewController.swift */ = {isa = PBXFileReference; fileEncoding = 4; lastKnownFileType = sourcecode.swift; path = EditViewController.swift; sourceTree = "<group>"; };
		EC6743081FE473260099A469 /* CalendarViewController.swift */ = {isa = PBXFileReference; fileEncoding = 4; lastKnownFileType = sourcecode.swift; name = CalendarViewController.swift; path = ../CalendarViewController.swift; sourceTree = "<group>"; };
		EE2770741FCF6A6B000BACC7 /* TaskManagment.app */ = {isa = PBXFileReference; explicitFileType = wrapper.application; includeInIndex = 0; path = TaskManagment.app; sourceTree = BUILT_PRODUCTS_DIR; };
		EE2770771FCF6A6B000BACC7 /* AppDelegate.swift */ = {isa = PBXFileReference; lastKnownFileType = sourcecode.swift; path = AppDelegate.swift; sourceTree = "<group>"; };
		EE2770791FCF6A6B000BACC7 /* AddViewController.swift */ = {isa = PBXFileReference; lastKnownFileType = sourcecode.swift; path = AddViewController.swift; sourceTree = "<group>"; };
		EE27707C1FCF6A6B000BACC7 /* Base */ = {isa = PBXFileReference; lastKnownFileType = file.storyboard; name = Base; path = Base.lproj/Main.storyboard; sourceTree = "<group>"; };
		EE27707F1FCF6A6B000BACC7 /* TaskManagment.xcdatamodel */ = {isa = PBXFileReference; lastKnownFileType = wrapper.xcdatamodel; path = TaskManagment.xcdatamodel; sourceTree = "<group>"; };
		EE2770811FCF6A6B000BACC7 /* Assets.xcassets */ = {isa = PBXFileReference; lastKnownFileType = folder.assetcatalog; path = Assets.xcassets; sourceTree = "<group>"; };
		EE2770841FCF6A6B000BACC7 /* Base */ = {isa = PBXFileReference; lastKnownFileType = file.storyboard; name = Base; path = Base.lproj/LaunchScreen.storyboard; sourceTree = "<group>"; };
		EE2770861FCF6A6B000BACC7 /* Info.plist */ = {isa = PBXFileReference; lastKnownFileType = text.plist.xml; path = Info.plist; sourceTree = "<group>"; };
		EE27708B1FCF6A6B000BACC7 /* TaskManagmentTests.xctest */ = {isa = PBXFileReference; explicitFileType = wrapper.cfbundle; includeInIndex = 0; path = TaskManagmentTests.xctest; sourceTree = BUILT_PRODUCTS_DIR; };
		EE27708F1FCF6A6B000BACC7 /* TaskManagmentTests.swift */ = {isa = PBXFileReference; lastKnownFileType = sourcecode.swift; path = TaskManagmentTests.swift; sourceTree = "<group>"; };
		EE2770911FCF6A6B000BACC7 /* Info.plist */ = {isa = PBXFileReference; lastKnownFileType = text.plist.xml; path = Info.plist; sourceTree = "<group>"; };
		EE2770961FCF6A6B000BACC7 /* TaskManagmentUITests.xctest */ = {isa = PBXFileReference; explicitFileType = wrapper.cfbundle; includeInIndex = 0; path = TaskManagmentUITests.xctest; sourceTree = BUILT_PRODUCTS_DIR; };
		EE27709A1FCF6A6B000BACC7 /* TaskManagmentUITests.swift */ = {isa = PBXFileReference; lastKnownFileType = sourcecode.swift; path = TaskManagmentUITests.swift; sourceTree = "<group>"; };
		EE27709C1FCF6A6B000BACC7 /* Info.plist */ = {isa = PBXFileReference; lastKnownFileType = text.plist.xml; path = Info.plist; sourceTree = "<group>"; };
		EE2770A81FCF72E0000BACC7 /* TableViewController.swift */ = {isa = PBXFileReference; fileEncoding = 4; lastKnownFileType = sourcecode.swift; path = TableViewController.swift; sourceTree = "<group>"; };
		EEDA56861FE1B0D10086AD5D /* aboutPage.swift */ = {isa = PBXFileReference; fileEncoding = 4; lastKnownFileType = sourcecode.swift; path = aboutPage.swift; sourceTree = "<group>"; };
/* End PBXFileReference section */

/* Begin PBXFrameworksBuildPhase section */
		EE2770711FCF6A6B000BACC7 /* Frameworks */ = {
			isa = PBXFrameworksBuildPhase;
			buildActionMask = 2147483647;
			files = (
			);
			runOnlyForDeploymentPostprocessing = 0;
		};
		EE2770881FCF6A6B000BACC7 /* Frameworks */ = {
			isa = PBXFrameworksBuildPhase;
			buildActionMask = 2147483647;
			files = (
			);
			runOnlyForDeploymentPostprocessing = 0;
		};
		EE2770931FCF6A6B000BACC7 /* Frameworks */ = {
			isa = PBXFrameworksBuildPhase;
			buildActionMask = 2147483647;
			files = (
			);
			runOnlyForDeploymentPostprocessing = 0;
		};
/* End PBXFrameworksBuildPhase section */

/* Begin PBXGroup section */
		EE27706B1FCF6A6B000BACC7 = {
			isa = PBXGroup;
			children = (
				EE2770761FCF6A6B000BACC7 /* TaskManagment */,
				EE27708E1FCF6A6B000BACC7 /* TaskManagmentTests */,
				EE2770991FCF6A6B000BACC7 /* TaskManagmentUITests */,
				EE2770751FCF6A6B000BACC7 /* Products */,
			);
			sourceTree = "<group>";
		};
		EE2770751FCF6A6B000BACC7 /* Products */ = {
			isa = PBXGroup;
			children = (
				EE2770741FCF6A6B000BACC7 /* TaskManagment.app */,
				EE27708B1FCF6A6B000BACC7 /* TaskManagmentTests.xctest */,
				EE2770961FCF6A6B000BACC7 /* TaskManagmentUITests.xctest */,
			);
			name = Products;
			sourceTree = "<group>";
		};
		EE2770761FCF6A6B000BACC7 /* TaskManagment */ = {
			isa = PBXGroup;
			children = (
				EE2770771FCF6A6B000BACC7 /* AppDelegate.swift */,
				EC6743081FE473260099A469 /* CalendarViewController.swift */,
				EE2770791FCF6A6B000BACC7 /* AddViewController.swift */,
				EE27707B1FCF6A6B000BACC7 /* Main.storyboard */,
				EE2770811FCF6A6B000BACC7 /* Assets.xcassets */,
				EE2770831FCF6A6B000BACC7 /* LaunchScreen.storyboard */,
				EE2770861FCF6A6B000BACC7 /* Info.plist */,
				EE27707E1FCF6A6B000BACC7 /* TaskManagment.xcdatamodeld */,
				EE2770A81FCF72E0000BACC7 /* TableViewController.swift */,
				EC19B5241FE1F03400296682 /* EditViewController.swift */,
				EC19B5221FE1EB7D00296682 /* TableViewCell.swift */,
				EEDA56861FE1B0D10086AD5D /* aboutPage.swift */,
			);
			path = TaskManagment;
			sourceTree = "<group>";
		};
		EE27708E1FCF6A6B000BACC7 /* TaskManagmentTests */ = {
			isa = PBXGroup;
			children = (
				EE27708F1FCF6A6B000BACC7 /* TaskManagmentTests.swift */,
				EE2770911FCF6A6B000BACC7 /* Info.plist */,
			);
			path = TaskManagmentTests;
			sourceTree = "<group>";
		};
		EE2770991FCF6A6B000BACC7 /* TaskManagmentUITests */ = {
			isa = PBXGroup;
			children = (
				EE27709A1FCF6A6B000BACC7 /* TaskManagmentUITests.swift */,
				EE27709C1FCF6A6B000BACC7 /* Info.plist */,
			);
			path = TaskManagmentUITests;
			sourceTree = "<group>";
		};
/* End PBXGroup section */

/* Begin PBXNativeTarget section */
		EE2770731FCF6A6B000BACC7 /* TaskManagment */ = {
			isa = PBXNativeTarget;
			buildConfigurationList = EE27709F1FCF6A6B000BACC7 /* Build configuration list for PBXNativeTarget "TaskManagment" */;
			buildPhases = (
				EE2770701FCF6A6B000BACC7 /* Sources */,
				EE2770711FCF6A6B000BACC7 /* Frameworks */,
				EE2770721FCF6A6B000BACC7 /* Resources */,
			);
			buildRules = (
			);
			dependencies = (
			);
			name = TaskManagment;
			productName = TaskManagment;
			productReference = EE2770741FCF6A6B000BACC7 /* TaskManagment.app */;
			productType = "com.apple.product-type.application";
		};
		EE27708A1FCF6A6B000BACC7 /* TaskManagmentTests */ = {
			isa = PBXNativeTarget;
			buildConfigurationList = EE2770A21FCF6A6B000BACC7 /* Build configuration list for PBXNativeTarget "TaskManagmentTests" */;
			buildPhases = (
				EE2770871FCF6A6B000BACC7 /* Sources */,
				EE2770881FCF6A6B000BACC7 /* Frameworks */,
				EE2770891FCF6A6B000BACC7 /* Resources */,
			);
			buildRules = (
			);
			dependencies = (
				EE27708D1FCF6A6B000BACC7 /* PBXTargetDependency */,
			);
			name = TaskManagmentTests;
			productName = TaskManagmentTests;
			productReference = EE27708B1FCF6A6B000BACC7 /* TaskManagmentTests.xctest */;
			productType = "com.apple.product-type.bundle.unit-test";
		};
		EE2770951FCF6A6B000BACC7 /* TaskManagmentUITests */ = {
			isa = PBXNativeTarget;
			buildConfigurationList = EE2770A51FCF6A6B000BACC7 /* Build configuration list for PBXNativeTarget "TaskManagmentUITests" */;
			buildPhases = (
				EE2770921FCF6A6B000BACC7 /* Sources */,
				EE2770931FCF6A6B000BACC7 /* Frameworks */,
				EE2770941FCF6A6B000BACC7 /* Resources */,
			);
			buildRules = (
			);
			dependencies = (
				EE2770981FCF6A6B000BACC7 /* PBXTargetDependency */,
			);
			name = TaskManagmentUITests;
			productName = TaskManagmentUITests;
			productReference = EE2770961FCF6A6B000BACC7 /* TaskManagmentUITests.xctest */;
			productType = "com.apple.product-type.bundle.ui-testing";
		};
/* End PBXNativeTarget section */

/* Begin PBXProject section */
		EE27706C1FCF6A6B000BACC7 /* Project object */ = {
			isa = PBXProject;
			attributes = {
				LastSwiftUpdateCheck = 0830;
				LastUpgradeCheck = 0830;
				ORGANIZATIONNAME = "Cristian Meya Jessie";
				TargetAttributes = {
					EE2770731FCF6A6B000BACC7 = {
						CreatedOnToolsVersion = 8.3.3;
						ProvisioningStyle = Automatic;
					};
					EE27708A1FCF6A6B000BACC7 = {
						CreatedOnToolsVersion = 8.3.3;
						ProvisioningStyle = Automatic;
						TestTargetID = EE2770731FCF6A6B000BACC7;
					};
					EE2770951FCF6A6B000BACC7 = {
						CreatedOnToolsVersion = 8.3.3;
						ProvisioningStyle = Automatic;
						TestTargetID = EE2770731FCF6A6B000BACC7;
					};
				};
			};
			buildConfigurationList = EE27706F1FCF6A6B000BACC7 /* Build configuration list for PBXProject "TaskManagment" */;
			compatibilityVersion = "Xcode 3.2";
			developmentRegion = English;
			hasScannedForEncodings = 0;
			knownRegions = (
				en,
				Base,
			);
			mainGroup = EE27706B1FCF6A6B000BACC7;
			productRefGroup = EE2770751FCF6A6B000BACC7 /* Products */;
			projectDirPath = "";
			projectRoot = "";
			targets = (
				EE2770731FCF6A6B000BACC7 /* TaskManagment */,
				EE27708A1FCF6A6B000BACC7 /* TaskManagmentTests */,
				EE2770951FCF6A6B000BACC7 /* TaskManagmentUITests */,
			);
		};
/* End PBXProject section */

/* Begin PBXResourcesBuildPhase section */
		EE2770721FCF6A6B000BACC7 /* Resources */ = {
			isa = PBXResourcesBuildPhase;
			buildActionMask = 2147483647;
			files = (
				EE2770851FCF6A6B000BACC7 /* LaunchScreen.storyboard in Resources */,
				EE2770821FCF6A6B000BACC7 /* Assets.xcassets in Resources */,
				EE27707D1FCF6A6B000BACC7 /* Main.storyboard in Resources */,
			);
			runOnlyForDeploymentPostprocessing = 0;
		};
		EE2770891FCF6A6B000BACC7 /* Resources */ = {
			isa = PBXResourcesBuildPhase;
			buildActionMask = 2147483647;
			files = (
			);
			runOnlyForDeploymentPostprocessing = 0;
		};
		EE2770941FCF6A6B000BACC7 /* Resources */ = {
			isa = PBXResourcesBuildPhase;
			buildActionMask = 2147483647;
			files = (
			);
			runOnlyForDeploymentPostprocessing = 0;
		};
/* End PBXResourcesBuildPhase section */

/* Begin PBXSourcesBuildPhase section */
		EE2770701FCF6A6B000BACC7 /* Sources */ = {
			isa = PBXSourcesBuildPhase;
			buildActionMask = 2147483647;
			files = (
				EC6743091FE473260099A469 /* CalendarViewController.swift in Sources */,
				EE2770801FCF6A6B000BACC7 /* TaskManagment.xcdatamodeld in Sources */,
				EE27707A1FCF6A6B000BACC7 /* AddViewController.swift in Sources */,
				EEDA56871FE1B0D10086AD5D /* aboutPage.swift in Sources */,
				EC19B5231FE1EB7D00296682 /* TableViewCell.swift in Sources */,
				EE2770781FCF6A6B000BACC7 /* AppDelegate.swift in Sources */,
				EE2770A91FCF72E0000BACC7 /* TableViewController.swift in Sources */,
				EC19B5251FE1F03400296682 /* EditViewController.swift in Sources */,
			);
			runOnlyForDeploymentPostprocessing = 0;
		};
		EE2770871FCF6A6B000BACC7 /* Sources */ = {
			isa = PBXSourcesBuildPhase;
			buildActionMask = 2147483647;
			files = (
				EE2770901FCF6A6B000BACC7 /* TaskManagmentTests.swift in Sources */,
			);
			runOnlyForDeploymentPostprocessing = 0;
		};
		EE2770921FCF6A6B000BACC7 /* Sources */ = {
			isa = PBXSourcesBuildPhase;
			buildActionMask = 2147483647;
			files = (
				EE27709B1FCF6A6B000BACC7 /* TaskManagmentUITests.swift in Sources */,
			);
			runOnlyForDeploymentPostprocessing = 0;
		};
/* End PBXSourcesBuildPhase section */

/* Begin PBXTargetDependency section */
		EE27708D1FCF6A6B000BACC7 /* PBXTargetDependency */ = {
			isa = PBXTargetDependency;
			target = EE2770731FCF6A6B000BACC7 /* TaskManagment */;
			targetProxy = EE27708C1FCF6A6B000BACC7 /* PBXContainerItemProxy */;
		};
		EE2770981FCF6A6B000BACC7 /* PBXTargetDependency */ = {
			isa = PBXTargetDependency;
			target = EE2770731FCF6A6B000BACC7 /* TaskManagment */;
			targetProxy = EE2770971FCF6A6B000BACC7 /* PBXContainerItemProxy */;
		};
/* End PBXTargetDependency section */

/* Begin PBXVariantGroup section */
		EE27707B1FCF6A6B000BACC7 /* Main.storyboard */ = {
			isa = PBXVariantGroup;
			children = (
				EE27707C1FCF6A6B000BACC7 /* Base */,
			);
			name = Main.storyboard;
			sourceTree = "<group>";
		};
		EE2770831FCF6A6B000BACC7 /* LaunchScreen.storyboard */ = {
			isa = PBXVariantGroup;
			children = (
				EE2770841FCF6A6B000BACC7 /* Base */,
			);
			name = LaunchScreen.storyboard;
			sourceTree = "<group>";
		};
/* End PBXVariantGroup section */

/* Begin XCBuildConfiguration section */
		EE27709D1FCF6A6B000BACC7 /* Debug */ = {
			isa = XCBuildConfiguration;
			buildSettings = {
				ALWAYS_SEARCH_USER_PATHS = NO;
				CLANG_ANALYZER_NONNULL = YES;
				CLANG_ANALYZER_NUMBER_OBJECT_CONVERSION = YES_AGGRESSIVE;
				CLANG_CXX_LANGUAGE_STANDARD = "gnu++0x";
				CLANG_CXX_LIBRARY = "libc++";
				CLANG_ENABLE_MODULES = YES;
				CLANG_ENABLE_OBJC_ARC = YES;
				CLANG_WARN_BOOL_CONVERSION = YES;
				CLANG_WARN_CONSTANT_CONVERSION = YES;
				CLANG_WARN_DIRECT_OBJC_ISA_USAGE = YES_ERROR;
				CLANG_WARN_DOCUMENTATION_COMMENTS = YES;
				CLANG_WARN_EMPTY_BODY = YES;
				CLANG_WARN_ENUM_CONVERSION = YES;
				CLANG_WARN_INFINITE_RECURSION = YES;
				CLANG_WARN_INT_CONVERSION = YES;
				CLANG_WARN_OBJC_ROOT_CLASS = YES_ERROR;
				CLANG_WARN_SUSPICIOUS_MOVE = YES;
				CLANG_WARN_UNREACHABLE_CODE = YES;
				CLANG_WARN__DUPLICATE_METHOD_MATCH = YES;
				"CODE_SIGN_IDENTITY[sdk=iphoneos*]" = "iPhone Developer";
				COPY_PHASE_STRIP = NO;
				DEBUG_INFORMATION_FORMAT = dwarf;
				ENABLE_STRICT_OBJC_MSGSEND = YES;
				ENABLE_TESTABILITY = YES;
				GCC_C_LANGUAGE_STANDARD = gnu99;
				GCC_DYNAMIC_NO_PIC = NO;
				GCC_NO_COMMON_BLOCKS = YES;
				GCC_OPTIMIZATION_LEVEL = 0;
				GCC_PREPROCESSOR_DEFINITIONS = (
					"DEBUG=1",
					"$(inherited)",
				);
				GCC_WARN_64_TO_32_BIT_CONVERSION = YES;
				GCC_WARN_ABOUT_RETURN_TYPE = YES_ERROR;
				GCC_WARN_UNDECLARED_SELECTOR = YES;
				GCC_WARN_UNINITIALIZED_AUTOS = YES_AGGRESSIVE;
				GCC_WARN_UNUSED_FUNCTION = YES;
				GCC_WARN_UNUSED_VARIABLE = YES;
				IPHONEOS_DEPLOYMENT_TARGET = 10.3;
				MTL_ENABLE_DEBUG_INFO = YES;
				ONLY_ACTIVE_ARCH = YES;
				SDKROOT = iphoneos;
				SWIFT_ACTIVE_COMPILATION_CONDITIONS = DEBUG;
				SWIFT_OPTIMIZATION_LEVEL = "-Onone";
				TARGETED_DEVICE_FAMILY = "1,2";
			};
			name = Debug;
		};
		EE27709E1FCF6A6B000BACC7 /* Release */ = {
			isa = XCBuildConfiguration;
			buildSettings = {
				ALWAYS_SEARCH_USER_PATHS = NO;
				CLANG_ANALYZER_NONNULL = YES;
				CLANG_ANALYZER_NUMBER_OBJECT_CONVERSION = YES_AGGRESSIVE;
				CLANG_CXX_LANGUAGE_STANDARD = "gnu++0x";
				CLANG_CXX_LIBRARY = "libc++";
				CLANG_ENABLE_MODULES = YES;
				CLANG_ENABLE_OBJC_ARC = YES;
				CLANG_WARN_BOOL_CONVERSION = YES;
				CLANG_WARN_CONSTANT_CONVERSION = YES;
				CLANG_WARN_DIRECT_OBJC_ISA_USAGE = YES_ERROR;
				CLANG_WARN_DOCUMENTATION_COMMENTS = YES;
				CLANG_WARN_EMPTY_BODY = YES;
				CLANG_WARN_ENUM_CONVERSION = YES;
				CLANG_WARN_INFINITE_RECURSION = YES;
				CLANG_WARN_INT_CONVERSION = YES;
				CLANG_WARN_OBJC_ROOT_CLASS = YES_ERROR;
				CLANG_WARN_SUSPICIOUS_MOVE = YES;
				CLANG_WARN_UNREACHABLE_CODE = YES;
				CLANG_WARN__DUPLICATE_METHOD_MATCH = YES;
				"CODE_SIGN_IDENTITY[sdk=iphoneos*]" = "iPhone Developer";
				COPY_PHASE_STRIP = NO;
				DEBUG_INFORMATION_FORMAT = "dwarf-with-dsym";
				ENABLE_NS_ASSERTIONS = NO;
				ENABLE_STRICT_OBJC_MSGSEND = YES;
				GCC_C_LANGUAGE_STANDARD = gnu99;
				GCC_NO_COMMON_BLOCKS = YES;
				GCC_WARN_64_TO_32_BIT_CONVERSION = YES;
				GCC_WARN_ABOUT_RETURN_TYPE = YES_ERROR;
				GCC_WARN_UNDECLARED_SELECTOR = YES;
				GCC_WARN_UNINITIALIZED_AUTOS = YES_AGGRESSIVE;
				GCC_WARN_UNUSED_FUNCTION = YES;
				GCC_WARN_UNUSED_VARIABLE = YES;
				IPHONEOS_DEPLOYMENT_TARGET = 10.3;
				MTL_ENABLE_DEBUG_INFO = NO;
				SDKROOT = iphoneos;
				SWIFT_OPTIMIZATION_LEVEL = "-Owholemodule";
				TARGETED_DEVICE_FAMILY = "1,2";
				VALIDATE_PRODUCT = YES;
			};
			name = Release;
		};
		EE2770A01FCF6A6B000BACC7 /* Debug */ = {
			isa = XCBuildConfiguration;
			buildSettings = {
				ASSETCATALOG_COMPILER_APPICON_NAME = AppIcon;
				INFOPLIST_FILE = TaskManagment/Info.plist;
				LD_RUNPATH_SEARCH_PATHS = "$(inherited) @executable_path/Frameworks";
				PRODUCT_BUNDLE_IDENTIFIER = edu.csumb.TaskManagment;
				PRODUCT_NAME = "$(TARGET_NAME)";
				SWIFT_VERSION = 3.0;
			};
			name = Debug;
		};
		EE2770A11FCF6A6B000BACC7 /* Release */ = {
			isa = XCBuildConfiguration;
			buildSettings = {
				ASSETCATALOG_COMPILER_APPICON_NAME = AppIcon;
				INFOPLIST_FILE = TaskManagment/Info.plist;
				LD_RUNPATH_SEARCH_PATHS = "$(inherited) @executable_path/Frameworks";
				PRODUCT_BUNDLE_IDENTIFIER = edu.csumb.TaskManagment;
				PRODUCT_NAME = "$(TARGET_NAME)";
				SWIFT_VERSION = 3.0;
			};
			name = Release;
		};
		EE2770A31FCF6A6B000BACC7 /* Debug */ = {
			isa = XCBuildConfiguration;
			buildSettings = {
				ALWAYS_EMBED_SWIFT_STANDARD_LIBRARIES = YES;
				BUNDLE_LOADER = "$(TEST_HOST)";
				INFOPLIST_FILE = TaskManagmentTests/Info.plist;
				LD_RUNPATH_SEARCH_PATHS = "$(inherited) @executable_path/Frameworks @loader_path/Frameworks";
				PRODUCT_BUNDLE_IDENTIFIER = edu.csumb.TaskManagmentTests;
				PRODUCT_NAME = "$(TARGET_NAME)";
				SWIFT_VERSION = 3.0;
				TEST_HOST = "$(BUILT_PRODUCTS_DIR)/TaskManagment.app/TaskManagment";
			};
			name = Debug;
		};
		EE2770A41FCF6A6B000BACC7 /* Release */ = {
			isa = XCBuildConfiguration;
			buildSettings = {
				ALWAYS_EMBED_SWIFT_STANDARD_LIBRARIES = YES;
				BUNDLE_LOADER = "$(TEST_HOST)";
				INFOPLIST_FILE = TaskManagmentTests/Info.plist;
				LD_RUNPATH_SEARCH_PATHS = "$(inherited) @executable_path/Frameworks @loader_path/Frameworks";
				PRODUCT_BUNDLE_IDENTIFIER = edu.csumb.TaskManagmentTests;
				PRODUCT_NAME = "$(TARGET_NAME)";
				SWIFT_VERSION = 3.0;
				TEST_HOST = "$(BUILT_PRODUCTS_DIR)/TaskManagment.app/TaskManagment";
			};
			name = Release;
		};
		EE2770A61FCF6A6B000BACC7 /* Debug */ = {
			isa = XCBuildConfiguration;
			buildSettings = {
				ALWAYS_EMBED_SWIFT_STANDARD_LIBRARIES = YES;
				INFOPLIST_FILE = TaskManagmentUITests/Info.plist;
				LD_RUNPATH_SEARCH_PATHS = "$(inherited) @executable_path/Frameworks @loader_path/Frameworks";
				PRODUCT_BUNDLE_IDENTIFIER = edu.csumb.TaskManagmentUITests;
				PRODUCT_NAME = "$(TARGET_NAME)";
				SWIFT_VERSION = 3.0;
				TEST_TARGET_NAME = TaskManagment;
			};
			name = Debug;
		};
		EE2770A71FCF6A6B000BACC7 /* Release */ = {
			isa = XCBuildConfiguration;
			buildSettings = {
				ALWAYS_EMBED_SWIFT_STANDARD_LIBRARIES = YES;
				INFOPLIST_FILE = TaskManagmentUITests/Info.plist;
				LD_RUNPATH_SEARCH_PATHS = "$(inherited) @executable_path/Frameworks @loader_path/Frameworks";
				PRODUCT_BUNDLE_IDENTIFIER = edu.csumb.TaskManagmentUITests;
				PRODUCT_NAME = "$(TARGET_NAME)";
				SWIFT_VERSION = 3.0;
				TEST_TARGET_NAME = TaskManagment;
			};
			name = Release;
		};
/* End XCBuildConfiguration section */

/* Begin XCConfigurationList section */
		EE27706F1FCF6A6B000BACC7 /* Build configuration list for PBXProject "TaskManagment" */ = {
			isa = XCConfigurationList;
			buildConfigurations = (
				EE27709D1FCF6A6B000BACC7 /* Debug */,
				EE27709E1FCF6A6B000BACC7 /* Release */,
			);
			defaultConfigurationIsVisible = 0;
			defaultConfigurationName = Release;
		};
		EE27709F1FCF6A6B000BACC7 /* Build configuration list for PBXNativeTarget "TaskManagment" */ = {
			isa = XCConfigurationList;
			buildConfigurations = (
				EE2770A01FCF6A6B000BACC7 /* Debug */,
				EE2770A11FCF6A6B000BACC7 /* Release */,
			);
			defaultConfigurationIsVisible = 0;
			defaultConfigurationName = Release;
		};
		EE2770A21FCF6A6B000BACC7 /* Build configuration list for PBXNativeTarget "TaskManagmentTests" */ = {
			isa = XCConfigurationList;
			buildConfigurations = (
				EE2770A31FCF6A6B000BACC7 /* Debug */,
				EE2770A41FCF6A6B000BACC7 /* Release */,
			);
			defaultConfigurationIsVisible = 0;
			defaultConfigurationName = Release;
		};
		EE2770A51FCF6A6B000BACC7 /* Build configuration list for PBXNativeTarget "TaskManagmentUITests" */ = {
			isa = XCConfigurationList;
			buildConfigurations = (
				EE2770A61FCF6A6B000BACC7 /* Debug */,
				EE2770A71FCF6A6B000BACC7 /* Release */,
			);
			defaultConfigurationIsVisible = 0;
			defaultConfigurationName = Release;
		};
/* End XCConfigurationList section */

/* Begin XCVersionGroup section */
		EE27707E1FCF6A6B000BACC7 /* TaskManagment.xcdatamodeld */ = {
			isa = XCVersionGroup;
			children = (
				EE27707F1FCF6A6B000BACC7 /* TaskManagment.xcdatamodel */,
			);
			currentVersion = EE27707F1FCF6A6B000BACC7 /* TaskManagment.xcdatamodel */;
			path = TaskManagment.xcdatamodeld;
			sourceTree = "<group>";
			versionGroupType = wrapper.xcdatamodel;
		};
/* End XCVersionGroup section */
	};
	rootObject = EE27706C1FCF6A6B000BACC7 /* Project object */;
}
